
Microsoft Visual Studio Solution File, Format Version 12.00
# Visual Studio 14
VisualStudioVersion = 14.0.23107.0
MinimumVisualStudioVersion = 10.0.40219.1
Project("{FAE04EC0-301F-11D3-BF4B-00C04F79EFBC}") = "Jeff_Aplicada2_P2", "Jeff_Aplicada2_P2\Jeff_Aplicada2_P2.csproj", "{CBD6A263-3E8F-4F73-934A-31C199E7A8D0}"
EndProject
Project("{FAE04EC0-301F-11D3-BF4B-00C04F79EFBC}") = "BLL", "BLL\BLL.csproj", "{DC7B188B-0C2E-40F0-A6FA-FA2708C3A8D2}"
EndProject
Project("{FAE04EC0-301F-11D3-BF4B-00C04F79EFBC}") = "DAL", "DAL\DAL.csproj", "{071573C9-EF1C-4E77-A286-29E6C43FE2DB}"
EndProject
Global
	GlobalSection(SolutionConfigurationPlatforms) = preSolution
		Debug|Any CPU = Debug|Any CPU
		Release|Any CPU = Release|Any CPU
	EndGlobalSection
	GlobalSection(ProjectConfigurationPlatforms) = postSolution
		{CBD6A263-3E8F-4F73-934A-31C199E7A8D0}.Debug|Any CPU.ActiveCfg = Debug|Any CPU
		{CBD6A263-3E8F-4F73-934A-31C199E7A8D0}.Debug|Any CPU.Build.0 = Debug|Any CPU
		{CBD6A263-3E8F-4F73-934A-31C199E7A8D0}.Release|Any CPU.ActiveCfg = Release|Any CPU
		{CBD6A263-3E8F-4F73-934A-31C199E7A8D0}.Release|Any CPU.Build.0 = Release|Any CPU
		{DC7B188B-0C2E-40F0-A6FA-FA2708C3A8D2}.Debug|Any CPU.ActiveCfg = Debug|Any CPU
		{DC7B188B-0C2E-40F0-A6FA-FA2708C3A8D2}.Debug|Any CPU.Build.0 = Debug|Any CPU
		{DC7B188B-0C2E-40F0-A6FA-FA2708C3A8D2}.Release|Any CPU.ActiveCfg = Release|Any CPU
		{DC7B188B-0C2E-40F0-A6FA-FA2708C3A8D2}.Release|Any CPU.Build.0 = Release|Any CPU
		{071573C9-EF1C-4E77-A286-29E6C43FE2DB}.Debug|Any CPU.ActiveCfg = Debug|Any CPU
		{071573C9-EF1C-4E77-A286-29E6C43FE2DB}.Debug|Any CPU.Build.0 = Debug|Any CPU
		{071573C9-EF1C-4E77-A286-29E6C43FE2DB}.Release|Any CPU.ActiveCfg = Release|Any CPU
		{071573C9-EF1C-4E77-A286-29E6C43FE2DB}.Release|Any CPU.Build.0 = Release|Any CPU
	EndGlobalSection
	GlobalSection(SolutionProperties) = preSolution
		HideSolutionNode = FALSE
	EndGlobalSection
EndGlobal
